github.com/aws/aws-sdk-go v0.0.0-20181009204549-fa0720f0e672 h1:LXMfxuA3hEjMC/t441gw+hh+4bZlI/Xz+/XrItus/tI=
github.com/aws/aws-sdk-go v0.0.0-20181009204549-fa0720f0e672/go.mod h1:mFuSZ37Z9YOHbQEwBWztmVzqXrEkub65tZoCYDt7FT0=
github.com/blang/semver v3.1.0+incompatible h1:7hqmJYuaEK3qwVjWubYiht3j93YI0WQBuysxHIfUriU=
github.com/blang/semver v3.1.0+incompatible/go.mod h1:kRBLl5iJ+tD4TcOOxsy/0fnwebNt5EWlYSAyrTnjyyk=
github.com/containerd/continuity v0.0.0-20171004134916-1bed1ecb1dc4 h1:OPNlxOq7hyfpwmo4OM8R0FCWIBvkeXn6j76ssVnlfDs=
github.com/containerd/continuity v0.0.0-20171004134916-1bed1ecb1dc4/go.mod h1:GL3xCUCBDV3CZiTSEKksMWbLE66hEyuu9qyDOOqM47Y=
github.com/davecgh/go-spew v1.1.1 h1:vj9j/u1bqnvCEfJOwUhtlOARqs3+rkHYY13jYWTU97c=
github.com/davecgh/go-spew v1.1.1/go.mod h1:J7Y8YcW2NihsgmVo/mv3lAwl/skON4iLHjSsI+c5H38=
github.com/docker/distribution v0.0.0-20170929205102-bb49a1685d27 h1:En020vHZQlDldDksHAskqQsbwRPMezW4Gp8YpjIIwXI=
github.com/docker/distribution v0.0.0-20170929205102-bb49a1685d27/go.mod h1:J2gT2udsDAN96Uj4KfcMRqY0/ypR+oyYUYmja8H+y+w=
github.com/docker/docker v0.0.0-20171010175916-8b24d2a96024 h1:mt2zSHDlQbfssCy6/8TmN822BQKY9h7TpFTLwFhic2Q=
github.com/docker/docker v0.0.0-20171010175916-8b24d2a96024/go.mod h1:eEKB0N0r5NX/I1kEveEz05bcu8tLC/8azJZsviup8Sk=
github.com/docker/go-connections v0.3.0 h1:3lOnM9cSzgGwx8VfK/NGOW5fLQ0GjIlCkaktF+n1M6o=
github.com/docker/go-connections v0.3.0/go.mod h1:Gbd7IOopHjR8Iph03tsViu4nIes5XhDvyHbTtUxmeec=
github.com/docker/go-units v0.0.0-20160524163422-09dda9d4b0d7 h1:Uk/4KCqMLEKJeJeQ7FZF0tmErl87/CvsTxo2061fY4M=
github.com/docker/go-units v0.0.0-20160524163422-09dda9d4b0d7/go.mod h1:fgPhTUdO+D/Jk86RDLlptpiXQzgHJF7gydDDbaIK4Dk=
github.com/docker/libtrust v0.0.0-20160314182654-c8d2b36d60a8 h1:Y0P1R1mC8pQF1lSW4n43Kr+Xbt9pH0KNnFHoupLOQGE=
github.com/docker/libtrust v0.0.0-20160314182654-c8d2b36d60a8/go.mod h1:cyGadeNEkKy96OOhEzfZl+yxihPEzKnqJwvfuSUqbZE=
github.com/fsouza/go-dockerclient v0.0.0-20160613211537-3c8f092cb1e9 h1:0kyonMd2fRKKn8xzRzx+dHFCSEYa6ef82Dk4apKdoRw=
github.com/fsouza/go-dockerclient v0.0.0-20160613211537-3c8f092cb1e9/go.mod h1:KpcjM623fQYE9MZiTGzKhjfxXAV9wbyX2C1cyRHfhl0=
github.com/go-ini/ini v1.25.4/go.mod h1:ByCAeIL28uOIIG0E3PJtZPDL8WnHpFKFOtgjp+3Ies8=
github.com/go-ini/ini v1.37.0 h1:/FpMfveJbc7ExTTDgT5nL9Vw+aZdst/c2dOxC931U+M=
github.com/go-ini/ini v1.37.0/go.mod h1:ByCAeIL28uOIIG0E3PJtZPDL8WnHpFKFOtgjp+3Ies8=
github.com/gogo/protobuf v0.0.0-20171009085552-0c5dcd73e6fd h1:PN2mF40p1/q7whfOiAdpENMQHo3m11rg4Mm5dAkZnUo=
github.com/gogo/protobuf v0.0.0-20171009085552-0c5dcd73e6fd/go.mod h1:r8qH/GZQm5c6nD/R0oafs1akxWv10x8SbQlK7atdtwQ=
github.com/hashicorp/go-cleanhttp v0.0.0-20160407174126-ad28ea4487f0 h1:2l0haPDqCzZEO160UR5DSrrl8RWptFCoxFsSbRLJBaI=
github.com/hashicorp/go-cleanhttp v0.0.0-20160407174126-ad28ea4487f0/go.mod h1:JpRdi6/HCYpAwUzNwuwqhbovhLtngrth3wmdIIUrZ80=
github.com/jmespath/go-jmespath v0.0.0-20160202185014-0b12d6b521d8/go.mod h1:Nht3zPeWKUH0NzdCt2Blrr5ys8VGpn0CEB0cQHVjt7k=
github.com/jmespath/go-jmespath v0.0.0-20180206201540-c2b33e8439af h1:pmfjZENx5imkbgOkpRUYLnmbU7UEFbjtDA2hxJ1ichM=
github.com/jmespath/go-jmespath v0.0.0-20180206201540-c2b33e8439af/go.mod h1:Nht3zPeWKUH0NzdCt2Blrr5ys8VGpn0CEB0cQHVjt7k=
github.com/mattn/go-shellwords v0.0.0-20170828041123-95c860c1895b h1:gdhiQVjnp9ew58A2rUd9x/e7ud3KOKgpkKHTxChrn2Q=
github.com/mattn/go-shellwords v0.0.0-20170828041123-95c860c1895b/go.mod h1:3xCvwCdWdlDJUrvuMn7Wuy9eWs4pE8vqg+NOMyg4B2o=
github.com/namsral/flag v0.0.0-20160516205227-417f4c49833f h1:fiGT/qyPwjuYBauLOn9oeB5RC+sWsnHqKef/N/XZWsA=
github.com/namsral/flag v0.0.0-20160516205227-417f4c49833f/go.mod h1:OXldTctbM6SWH1K899kPZcf65KxJiD7MsceFUpB5yDo=
github.com/op/go-logging v0.0.0-20160315200505-970db520ece7 h1:lDH9UUVJtmYCjyT0CI4q8xvlXPxeZ0gYCVvWbmPlp88=
github.com/op/go-logging v0.0.0-20160315200505-970db520ece7/go.mod h1:HzydrMdWErDVzsI23lYNej1Htcns9BCg93Dk0bBINWk=
github.com/opencontainers/go-digest v1.0.0-rc1 h1:WzifXhOVOEOuFYOJAW6aQqW0TooG2iki3E3Ii+WN7gQ=
github.com/opencontainers/go-digest v1.0.0-rc1/go.mod h1:cMLVZDEM3+U2I4VmLI6N8jQYUd2OVphdqWwCJHrFt2s=
github.com/opencontainers/image-spec v0.0.0-20170929214853-7c889fafd04a h1:gDx6uvy7IWqeR40GKGYEJEzAmpn0aZpR11A5PlMt+S4=
github.com/opencontainers/image-spec v0.0.0-20170929214853-7c889fafd04a/go.mod h1:BtxoFyWECRxE4U/7sNtV5W15zMzWCbyJoFRP3s7yZA0=
github.com/opencontainers/runc v0.0.0-20171010194140-beb8716fcb40 h1:+Rz8fNhvNSQOngOCnliTTXDEuEQyTV1rj7vdVakhCTQ=
github.com/opencontainers/runc v0.0.0-20171010194140-beb8716fcb40/go.mod h1:qT5XzbpPznkRYVz/mWwUaVBUv2rmF59PVA73FjuZG0U=
github.com/opencontainers/runtime-spec v0.0.0-20171009153124-4ebb31efe97c h1:SXPKQUGPUfbsmMnBlA0hEgKOTnOtmMKUNsR6L3M5Uyo=
github.com/opencontainers/runtime-spec v0.0.0-20171009153124-4ebb31efe97c/go.mod h1:jwyrGlmzljRJv/Fgzds9SsS/C5hL+LL3ko9hs6T5lQ0=
github.com/pkg/errors v0.0.0-20170316201538-ff09b135c25a h1:wJ8mL5Lj13kTUhKlQitC4+gqMyiuy+2anApUMuvfLq0=
github.com/pkg/errors v0.0.0-20170316201538-ff09b135c25a/go.mod h1:bwawxfHBFNV+L2hUp1rHADufV3IMtnDRdf1r5NINEl0=
github.com/pmezard/go-difflib v1.0.0 h1:4DBwDE0NGyQoBHbLQYPwSUPoCMWR5BEzIk/f1lZbAQM=
github.com/pmezard/go-difflib v1.0.0/go.mod h1:iKH77koFhYxTK1pcRnkKkqfTogsbg7gZNVY4sRDYZ/4=
github.com/sirupsen/logrus v0.0.0-20170822132746-89742aefa4b2 h1:+8J/sCAVv2Y9Ct1BKszDFJEVWv6Aynr2O4FYGUg6+Mc=
github.com/sirupsen/logrus v0.0.0-20170822132746-89742aefa4b2/go.mod h1:pMByvHTf9Beacp5x1UXfOR9xyW/9antXMhjMPG0dEzc=
github.com/stretchr/testify v0.0.0-20160524234229-8d64eb7173c7 h1:UXBqZJIbJFF9aV5elm7IlsfRpIR3OLfvL7XosvaSlaU=
github.com/stretchr/testify v0.0.0-20160524234229-8d64eb7173c7/go.mod h1:a8OnRcib4nhh0OaRAV+Yts87kKdq0PP7pXfy6kDkUVs=
github.com/urfave/cli v0.0.0-20160608151511-fa949b48f384 h1:D4etGKHbI1MNZj2813PzKVOksrSNJjpk+n+ttJZP7Yw=
github.com/urfave/cli v0.0.0-20160608151511-fa949b48f384/go.mod h1:70zkFmudgCuE/ngEzBv17Jvp/497gISqfk5gWijbERA=
github.com/vbatts/tar-split v0.0.0-20160330203851-226f7c74905f h1:CauIxFSMeTKB9DnNA3VyB3DlCBxB7DIQEZx7mEL9j6I=
github.com/vbatts/tar-split v0.0.0-20160330203851-226f7c74905f/go.mod h1:LEuURwDEiWjRjwu46yU3KVGuUdVv/dcnpcEPSzR8z6g=
golang.org/x/crypto v0.0.0-20160607175246-77f4136a99ff h1:ES79fpmqcERoK0zrQUCC5UU7iGe31XyMGHKykb9tqM4=
golang.org/x/crypto v0.0.0-20160607175246-77f4136a99ff/go.mod h1:6SG95UA2DQfeDnfUPMdvaQW0Q7yPrPDi9nlGo2tz2b4=
golang.org/x/net v0.0.0-20160609051231-3f122ce3dbbe h1:g5KpiXMo3pJgOVrDkcrg9+6m+X4H1X+S8S+CAsEm8ho=
golang.org/x/net v0.0.0-20160609051231-3f122ce3dbbe/go.mod h1:mL1N/T3taQHkDXs73rZJwtUhF3w3ftmwwsq0BUmARs4=
golang.org/x/sys v0.0.0-20171006175012-ebfc5b463182 h1:7cKexPAAZFbkQtOZ/08DxRPYYxWzMBesz2/gC7esAtI=
golang.org/x/sys v0.0.0-20171006175012-ebfc5b463182/go.mod h1:STP8DvDyc/dI5b8T5hshtkjS+E42TnysNCUPdjciGhY=
